
Microsoft Visual Studio Solution File, Format Version 12.00
# Visual Studio Version 16
VisualStudioVersion = 16.0.30011.22
MinimumVisualStudioVersion = 10.0.40219.1
Project("{FAE04EC0-301F-11D3-BF4B-00C04F79EFBC}") = "CanvasHub", "CanvasHub.csproj", "{DB370679-78F0-4EA2-B564-497365A7A9EC}"
EndProject
Global
	GlobalSection(SolutionConfigurationPlatforms) = preSolution
		Debug|Any CPU = Debug|Any CPU
		Release|Any CPU = Release|Any CPU
	EndGlobalSection
	GlobalSection(ProjectConfigurationPlatforms) = postSolution
		{DB370679-78F0-4EA2-B564-497365A7A9EC}.Debug|Any CPU.ActiveCfg = Debug|Any CPU
		{DB370679-78F0-4EA2-B564-497365A7A9EC}.Debug|Any CPU.Build.0 = Debug|Any CPU
		{DB370679-78F0-4EA2-B564-497365A7A9EC}.Release|Any CPU.ActiveCfg = Release|Any CPU
		{DB370679-78F0-4EA2-B564-497365A7A9EC}.Release|Any CPU.Build.0 = Release|Any CPU
	EndGlobalSection
	GlobalSection(SolutionProperties) = preSolution
		HideSolutionNode = FALSE
	EndGlobalSection
	GlobalSection(ExtensibilityGlobals) = postSolution
		SolutionGuid = {686A19A7-4CEB-4924-851B-D1B4D697D3C1}
	EndGlobalSection
EndGlobal
